// !$*UTF8*$!
{
	archiveVersion = 1;
	classes = {
	};
	objectVersion = 46;
	objects = {

/* Begin PBXBuildFile section */
		BECD65C21DD7A85B00971DD6 /* AppDelegate.swift in Sources */ = {isa = PBXBuildFile; fileRef = BECD65C11DD7A85B00971DD6 /* AppDelegate.swift */; };
		BECD65C41DD7A85B00971DD6 /* HomeViewController.swift in Sources */ = {isa = PBXBuildFile; fileRef = BECD65C31DD7A85B00971DD6 /* HomeViewController.swift */; };
		BECD65C71DD7A85B00971DD6 /* Main.storyboard in Resources */ = {isa = PBXBuildFile; fileRef = BECD65C51DD7A85B00971DD6 /* Main.storyboard */; };
		BECD65C91DD7A85B00971DD6 /* Assets.xcassets in Resources */ = {isa = PBXBuildFile; fileRef = BECD65C81DD7A85B00971DD6 /* Assets.xcassets */; };
		BECD65CC1DD7A85B00971DD6 /* LaunchScreen.storyboard in Resources */ = {isa = PBXBuildFile; fileRef = BECD65CA1DD7A85B00971DD6 /* LaunchScreen.storyboard */; };
		BECD65D61DD7B5F500971DD6 /* SearchViewController.swift in Sources */ = {isa = PBXBuildFile; fileRef = BECD65D51DD7B5F500971DD6 /* SearchViewController.swift */; };
		BECD65D81DD7B5FD00971DD6 /* UpcomingViewController.swift in Sources */ = {isa = PBXBuildFile; fileRef = BECD65D71DD7B5FD00971DD6 /* UpcomingViewController.swift */; };
		BECD65DA1DD7B60400971DD6 /* ProfileViewController.swift in Sources */ = {isa = PBXBuildFile; fileRef = BECD65D91DD7B60400971DD6 /* ProfileViewController.swift */; };
		BECD65DE1DD8C9E200971DD6 /* inYCExtensions.swift in Sources */ = {isa = PBXBuildFile; fileRef = BECD65DD1DD8C9E200971DD6 /* inYCExtensions.swift */; };
/* End PBXBuildFile section */

/* Begin PBXFileReference section */
		BECD65BE1DD7A85B00971DD6 /* inYC.app */ = {isa = PBXFileReference; explicitFileType = wrapper.application; includeInIndex = 0; path = inYC.app; sourceTree = BUILT_PRODUCTS_DIR; };
		BECD65C11DD7A85B00971DD6 /* AppDelegate.swift */ = {isa = PBXFileReference; lastKnownFileType = sourcecode.swift; path = AppDelegate.swift; sourceTree = "<group>"; };
		BECD65C31DD7A85B00971DD6 /* HomeViewController.swift */ = {isa = PBXFileReference; lastKnownFileType = sourcecode.swift; path = HomeViewController.swift; sourceTree = "<group>"; };
		BECD65C61DD7A85B00971DD6 /* Base */ = {isa = PBXFileReference; lastKnownFileType = file.storyboard; name = Base; path = Base.lproj/Main.storyboard; sourceTree = "<group>"; };
		BECD65C81DD7A85B00971DD6 /* Assets.xcassets */ = {isa = PBXFileReference; lastKnownFileType = folder.assetcatalog; path = Assets.xcassets; sourceTree = "<group>"; };
		BECD65CB1DD7A85B00971DD6 /* Base */ = {isa = PBXFileReference; lastKnownFileType = file.storyboard; name = Base; path = Base.lproj/LaunchScreen.storyboard; sourceTree = "<group>"; };
		BECD65CD1DD7A85B00971DD6 /* Info.plist */ = {isa = PBXFileReference; lastKnownFileType = text.plist.xml; path = Info.plist; sourceTree = "<group>"; };
		BECD65D51DD7B5F500971DD6 /* SearchViewController.swift */ = {isa = PBXFileReference; fileEncoding = 4; lastKnownFileType = sourcecode.swift; path = SearchViewController.swift; sourceTree = "<group>"; };
		BECD65D71DD7B5FD00971DD6 /* UpcomingViewController.swift */ = {isa = PBXFileReference; fileEncoding = 4; lastKnownFileType = sourcecode.swift; path = UpcomingViewController.swift; sourceTree = "<group>"; };
		BECD65D91DD7B60400971DD6 /* ProfileViewController.swift */ = {isa = PBXFileReference; fileEncoding = 4; lastKnownFileType = sourcecode.swift; path = ProfileViewController.swift; sourceTree = "<group>"; };
		BECD65DD1DD8C9E200971DD6 /* inYCExtensions.swift */ = {isa = PBXFileReference; fileEncoding = 4; lastKnownFileType = sourcecode.swift; path = inYCExtensions.swift; sourceTree = "<group>"; };
/* End PBXFileReference section */

/* Begin PBXFrameworksBuildPhase section */
		BECD65BB1DD7A85B00971DD6 /* Frameworks */ = {
			isa = PBXFrameworksBuildPhase;
			buildActionMask = 2147483647;
			files = (
			);
			runOnlyForDeploymentPostprocessing = 0;
		};
/* End PBXFrameworksBuildPhase section */

/* Begin PBXGroup section */
		BECD65B51DD7A85A00971DD6 = {
			isa = PBXGroup;
			children = (
				BECD65C01DD7A85B00971DD6 /* inYC */,
				BECD65BF1DD7A85B00971DD6 /* Products */,
			);
			sourceTree = "<group>";
		};
		BECD65BF1DD7A85B00971DD6 /* Products */ = {
			isa = PBXGroup;
			children = (
				BECD65BE1DD7A85B00971DD6 /* inYC.app */,
			);
			name = Products;
			sourceTree = "<group>";
		};
		BECD65C01DD7A85B00971DD6 /* inYC */ = {
			isa = PBXGroup;
			children = (
				BECD65DC1DD8C97200971DD6 /* Resources */,
				BECD65DB1DD8C96300971DD6 /* Controllers */,
				BECD65C11DD7A85B00971DD6 /* AppDelegate.swift */,
				BECD65C51DD7A85B00971DD6 /* Main.storyboard */,
				BECD65C81DD7A85B00971DD6 /* Assets.xcassets */,
				BECD65CA1DD7A85B00971DD6 /* LaunchScreen.storyboard */,
				BECD65CD1DD7A85B00971DD6 /* Info.plist */,
			);
			path = inYC;
			sourceTree = "<group>";
		};
		BECD65DB1DD8C96300971DD6 /* Controllers */ = {
			isa = PBXGroup;
			children = (
				BECD65C31DD7A85B00971DD6 /* HomeViewController.swift */,
				BECD65D51DD7B5F500971DD6 /* SearchViewController.swift */,
				BECD65D71DD7B5FD00971DD6 /* UpcomingViewController.swift */,
				BECD65D91DD7B60400971DD6 /* ProfileViewController.swift */,
			);
			name = Controllers;
			sourceTree = "<group>";
		};
		BECD65DC1DD8C97200971DD6 /* Resources */ = {
			isa = PBXGroup;
			children = (
				BECD65DD1DD8C9E200971DD6 /* inYCExtensions.swift */,
			);
			name = Resources;
			sourceTree = "<group>";
		};
/* End PBXGroup section */

/* Begin PBXNativeTarget section */
		BECD65BD1DD7A85B00971DD6 /* inYC */ = {
			isa = PBXNativeTarget;
			buildConfigurationList = BECD65D01DD7A85B00971DD6 /* Build configuration list for PBXNativeTarget "inYC" */;
			buildPhases = (
				BECD65BA1DD7A85B00971DD6 /* Sources */,
				BECD65BB1DD7A85B00971DD6 /* Frameworks */,
				BECD65BC1DD7A85B00971DD6 /* Resources */,
			);
			buildRules = (
			);
			dependencies = (
			);
			name = inYC;
			productName = inYC;
			productReference = BECD65BE1DD7A85B00971DD6 /* inYC.app */;
			productType = "com.apple.product-type.application";
		};
/* End PBXNativeTarget section */

/* Begin PBXProject section */
		BECD65B61DD7A85B00971DD6 /* Project object */ = {
			isa = PBXProject;
			attributes = {
				LastSwiftUpdateCheck = 0810;
				LastUpgradeCheck = 0810;
				ORGANIZATIONNAME = Eldon;
				TargetAttributes = {
					BECD65BD1DD7A85B00971DD6 = {
						CreatedOnToolsVersion = 8.1;
						DevelopmentTeam = LQY7Q4QMHY;
						ProvisioningStyle = Automatic;
					};
				};
			};
			buildConfigurationList = BECD65B91DD7A85B00971DD6 /* Build configuration list for PBXProject "inYC" */;
			compatibilityVersion = "Xcode 3.2";
			developmentRegion = English;
			hasScannedForEncodings = 0;
			knownRegions = (
				en,
				Base,
			);
			mainGroup = BECD65B51DD7A85A00971DD6;
			productRefGroup = BECD65BF1DD7A85B00971DD6 /* Products */;
			projectDirPath = "";
			projectRoot = "";
			targets = (
				BECD65BD1DD7A85B00971DD6 /* inYC */,
			);
		};
/* End PBXProject section */

/* Begin PBXResourcesBuildPhase section */
		BECD65BC1DD7A85B00971DD6 /* Resources */ = {
			isa = PBXResourcesBuildPhase;
			buildActionMask = 2147483647;
			files = (
				BECD65CC1DD7A85B00971DD6 /* LaunchScreen.storyboard in Resources */,
				BECD65C91DD7A85B00971DD6 /* Assets.xcassets in Resources */,
				BECD65C71DD7A85B00971DD6 /* Main.storyboard in Resources */,
			);
			runOnlyForDeploymentPostprocessing = 0;
		};
/* End PBXResourcesBuildPhase section */

/* Begin PBXSourcesBuildPhase section */
		BECD65BA1DD7A85B00971DD6 /* Sources */ = {
			isa = PBXSourcesBuildPhase;
			buildActionMask = 2147483647;
			files = (
				BECD65D81DD7B5FD00971DD6 /* UpcomingViewController.swift in Sources */,
				BECD65D61DD7B5F500971DD6 /* SearchViewController.swift in Sources */,
				BECD65DA1DD7B60400971DD6 /* ProfileViewController.swift in Sources */,
				BECD65C41DD7A85B00971DD6 /* HomeViewController.swift in Sources */,
				BECD65C21DD7A85B00971DD6 /* AppDelegate.swift in Sources */,
				BECD65DE1DD8C9E200971DD6 /* inYCExtensions.swift in Sources */,
			);
			runOnlyForDeploymentPostprocessing = 0;
		};
/* End PBXSourcesBuildPhase section */

/* Begin PBXVariantGroup section */
		BECD65C51DD7A85B00971DD6 /* Main.storyboard */ = {
			isa = PBXVariantGroup;
			children = (
				BECD65C61DD7A85B00971DD6 /* Base */,
			);
			name = Main.storyboard;
			sourceTree = "<group>";
		};
		BECD65CA1DD7A85B00971DD6 /* LaunchScreen.storyboard */ = {
			isa = PBXVariantGroup;
			children = (
				BECD65CB1DD7A85B00971DD6 /* Base */,
			);
			name = LaunchScreen.storyboard;
			sourceTree = "<group>";
		};
/* End PBXVariantGroup section */

/* Begin XCBuildConfiguration section */
		BECD65CE1DD7A85B00971DD6 /* Debug */ = {
			isa = XCBuildConfiguration;
			buildSettings = {
				ALWAYS_SEARCH_USER_PATHS = NO;
				CLANG_ANALYZER_NONNULL = YES;
				CLANG_CXX_LANGUAGE_STANDARD = "gnu++0x";
				CLANG_CXX_LIBRARY = "libc++";
				CLANG_ENABLE_MODULES = YES;
				CLANG_ENABLE_OBJC_ARC = YES;
				CLANG_WARN_BOOL_CONVERSION = YES;
				CLANG_WARN_CONSTANT_CONVERSION = YES;
				CLANG_WARN_DIRECT_OBJC_ISA_USAGE = YES_ERROR;
				CLANG_WARN_DOCUMENTATION_COMMENTS = YES;
				CLANG_WARN_EMPTY_BODY = YES;
				CLANG_WARN_ENUM_CONVERSION = YES;
				CLANG_WARN_INFINITE_RECURSION = YES;
				CLANG_WARN_INT_CONVERSION = YES;
				CLANG_WARN_OBJC_ROOT_CLASS = YES_ERROR;
				CLANG_WARN_SUSPICIOUS_MOVES = YES;
				CLANG_WARN_UNREACHABLE_CODE = YES;
				CLANG_WARN__DUPLICATE_METHOD_MATCH = YES;
				"CODE_SIGN_IDENTITY[sdk=iphoneos*]" = "iPhone Developer";
				COPY_PHASE_STRIP = NO;
				DEBUG_INFORMATION_FORMAT = dwarf;
				ENABLE_STRICT_OBJC_MSGSEND = YES;
				ENABLE_TESTABILITY = YES;
				GCC_C_LANGUAGE_STANDARD = gnu99;
				GCC_DYNAMIC_NO_PIC = NO;
				GCC_NO_COMMON_BLOCKS = YES;
				GCC_OPTIMIZATION_LEVEL = 0;
				GCC_PREPROCESSOR_DEFINITIONS = (
					"DEBUG=1",
					"$(inherited)",
				);
				GCC_WARN_64_TO_32_BIT_CONVERSION = YES;
				GCC_WARN_ABOUT_RETURN_TYPE = YES_ERROR;
				GCC_WARN_UNDECLARED_SELECTOR = YES;
				GCC_WARN_UNINITIALIZED_AUTOS = YES_AGGRESSIVE;
				GCC_WARN_UNUSED_FUNCTION = YES;
				GCC_WARN_UNUSED_VARIABLE = YES;
				IPHONEOS_DEPLOYMENT_TARGET = 10.1;
				MTL_ENABLE_DEBUG_INFO = YES;
				ONLY_ACTIVE_ARCH = YES;
				SDKROOT = iphoneos;
				SWIFT_ACTIVE_COMPILATION_CONDITIONS = DEBUG;
				SWIFT_OPTIMIZATION_LEVEL = "-Onone";
			};
			name = Debug;
		};
		BECD65CF1DD7A85B00971DD6 /* Release */ = {
			isa = XCBuildConfiguration;
			buildSettings = {
				ALWAYS_SEARCH_USER_PATHS = NO;
				CLANG_ANALYZER_NONNULL = YES;
				CLANG_CXX_LANGUAGE_STANDARD = "gnu++0x";
				CLANG_CXX_LIBRARY = "libc++";
				CLANG_ENABLE_MODULES = YES;
				CLANG_ENABLE_OBJC_ARC = YES;
				CLANG_WARN_BOOL_CONVERSION = YES;
				CLANG_WARN_CONSTANT_CONVERSION = YES;
				CLANG_WARN_DIRECT_OBJC_ISA_USAGE = YES_ERROR;
				CLANG_WARN_DOCUMENTATION_COMMENTS = YES;
				CLANG_WARN_EMPTY_BODY = YES;
				CLANG_WARN_ENUM_CONVERSION = YES;
				CLANG_WARN_INFINITE_RECURSION = YES;
				CLANG_WARN_INT_CONVERSION = YES;
				CLANG_WARN_OBJC_ROOT_CLASS = YES_ERROR;
				CLANG_WARN_SUSPICIOUS_MOVES = YES;
				CLANG_WARN_UNREACHABLE_CODE = YES;
				CLANG_WARN__DUPLICATE_METHOD_MATCH = YES;
				"CODE_SIGN_IDENTITY[sdk=iphoneos*]" = "iPhone Developer";
				COPY_PHASE_STRIP = NO;
				DEBUG_INFORMATION_FORMAT = "dwarf-with-dsym";
				ENABLE_NS_ASSERTIONS = NO;
				ENABLE_STRICT_OBJC_MSGSEND = YES;
				GCC_C_LANGUAGE_STANDARD = gnu99;
				GCC_NO_COMMON_BLOCKS = YES;
				GCC_WARN_64_TO_32_BIT_CONVERSION = YES;
				GCC_WARN_ABOUT_RETURN_TYPE = YES_ERROR;
				GCC_WARN_UNDECLARED_SELECTOR = YES;
				GCC_WARN_UNINITIALIZED_AUTOS = YES_AGGRESSIVE;
				GCC_WARN_UNUSED_FUNCTION = YES;
				GCC_WARN_UNUSED_VARIABLE = YES;
				IPHONEOS_DEPLOYMENT_TARGET = 10.1;
				MTL_ENABLE_DEBUG_INFO = NO;
				SDKROOT = iphoneos;
				SWIFT_OPTIMIZATION_LEVEL = "-Owholemodule";
				VALIDATE_PRODUCT = YES;
			};
			name = Release;
		};
		BECD65D11DD7A85B00971DD6 /* Debug */ = {
			isa = XCBuildConfiguration;
			buildSettings = {
				ASSETCATALOG_COMPILER_APPICON_NAME = AppIcon;
				DEVELOPMENT_TEAM = LQY7Q4QMHY;
				INFOPLIST_FILE = inYC/Info.plist;
				LD_RUNPATH_SEARCH_PATHS = "$(inherited) @executable_path/Frameworks";
				PRODUCT_BUNDLE_IDENTIFIER = Eldon.inYC;
				PRODUCT_NAME = "$(TARGET_NAME)";
				SWIFT_VERSION = 3.0;
			};
			name = Debug;
		};
		BECD65D21DD7A85B00971DD6 /* Release */ = {
			isa = XCBuildConfiguration;
			buildSettings = {
				ASSETCATALOG_COMPILER_APPICON_NAME = AppIcon;
				DEVELOPMENT_TEAM = LQY7Q4QMHY;
				INFOPLIST_FILE = inYC/Info.plist;
				LD_RUNPATH_SEARCH_PATHS = "$(inherited) @executable_path/Frameworks";
				PRODUCT_BUNDLE_IDENTIFIER = Eldon.inYC;
				PRODUCT_NAME = "$(TARGET_NAME)";
				SWIFT_VERSION = 3.0;
			};
			name = Release;
		};
/* End XCBuildConfiguration section */

/* Begin XCConfigurationList section */
		BECD65B91DD7A85B00971DD6 /* Build configuration list for PBXProject "inYC" */ = {
			isa = XCConfigurationList;
			buildConfigurations = (
				BECD65CE1DD7A85B00971DD6 /* Debug */,
				BECD65CF1DD7A85B00971DD6 /* Release */,
			);
			defaultConfigurationIsVisible = 0;
			defaultConfigurationName = Release;
		};
		BECD65D01DD7A85B00971DD6 /* Build configuration list for PBXNativeTarget "inYC" */ = {
			isa = XCConfigurationList;
			buildConfigurations = (
				BECD65D11DD7A85B00971DD6 /* Debug */,
				BECD65D21DD7A85B00971DD6 /* Release */,
			);
			defaultConfigurationIsVisible = 0;
			defaultConfigurationName = Release;
		};
/* End XCConfigurationList section */
	};
	rootObject = BECD65B61DD7A85B00971DD6 /* Project object */;
}
